
Microsoft Visual Studio Solution File, Format Version 12.00
# Visual Studio Version 17
VisualStudioVersion = 17.3.32922.545
MinimumVisualStudioVersion = 10.0.40219.1
Project("{FAE04EC0-301F-11D3-BF4B-00C04F79EFBC}") = "Question2", "Question2.csproj", "{7270B405-257A-4E3C-857A-F6B9053F88FD}"
EndProject
Global
	GlobalSection(SolutionConfigurationPlatforms) = preSolution
		Debug|Any CPU = Debug|Any CPU
		Release|Any CPU = Release|Any CPU
	EndGlobalSection
	GlobalSection(ProjectConfigurationPlatforms) = postSolution
		{7270B405-257A-4E3C-857A-F6B9053F88FD}.Debug|Any CPU.ActiveCfg = Debug|Any CPU
		{7270B405-257A-4E3C-857A-F6B9053F88FD}.Debug|Any CPU.Build.0 = Debug|Any CPU
		{7270B405-257A-4E3C-857A-F6B9053F88FD}.Release|Any CPU.ActiveCfg = Release|Any CPU
		{7270B405-257A-4E3C-857A-F6B9053F88FD}.Release|Any CPU.Build.0 = Release|Any CPU
	EndGlobalSection
	GlobalSection(SolutionProperties) = preSolution
		HideSolutionNode = FALSE
	EndGlobalSection
	GlobalSection(ExtensibilityGlobals) = postSolution
		SolutionGuid = {33E90966-66D3-4DF6-BE06-1E8E89B29C13}
	EndGlobalSection
EndGlobal
