
Microsoft Visual Studio Solution File, Format Version 12.00
# Visual Studio Version 17
VisualStudioVersion = 17.3.32922.545
MinimumVisualStudioVersion = 10.0.40219.1
Project("{FAE04EC0-301F-11D3-BF4B-00C04F79EFBC}") = "TestQ10", "TestQ10.csproj", "{96DE6562-16EC-460E-A91E-BE9D7CFC4234}"
EndProject
Global
	GlobalSection(SolutionConfigurationPlatforms) = preSolution
		Debug|Any CPU = Debug|Any CPU
		Release|Any CPU = Release|Any CPU
	EndGlobalSection
	GlobalSection(ProjectConfigurationPlatforms) = postSolution
		{96DE6562-16EC-460E-A91E-BE9D7CFC4234}.Debug|Any CPU.ActiveCfg = Debug|Any CPU
		{96DE6562-16EC-460E-A91E-BE9D7CFC4234}.Debug|Any CPU.Build.0 = Debug|Any CPU
		{96DE6562-16EC-460E-A91E-BE9D7CFC4234}.Release|Any CPU.ActiveCfg = Release|Any CPU
		{96DE6562-16EC-460E-A91E-BE9D7CFC4234}.Release|Any CPU.Build.0 = Release|Any CPU
	EndGlobalSection
	GlobalSection(SolutionProperties) = preSolution
		HideSolutionNode = FALSE
	EndGlobalSection
	GlobalSection(ExtensibilityGlobals) = postSolution
		SolutionGuid = {4A6F2A5E-1D7C-4E74-ABEB-C903D4A07978}
	EndGlobalSection
EndGlobal
