
Microsoft Visual Studio Solution File, Format Version 12.00
# Visual Studio Version 17
VisualStudioVersion = 17.3.32922.545
MinimumVisualStudioVersion = 10.0.40219.1
Project("{FAE04EC0-301F-11D3-BF4B-00C04F79EFBC}") = "TestQ9", "TestQ9.csproj", "{0F5B7EFF-2749-4EC9-97AF-01BDB5370AA7}"
EndProject
Global
	GlobalSection(SolutionConfigurationPlatforms) = preSolution
		Debug|Any CPU = Debug|Any CPU
		Release|Any CPU = Release|Any CPU
	EndGlobalSection
	GlobalSection(ProjectConfigurationPlatforms) = postSolution
		{0F5B7EFF-2749-4EC9-97AF-01BDB5370AA7}.Debug|Any CPU.ActiveCfg = Debug|Any CPU
		{0F5B7EFF-2749-4EC9-97AF-01BDB5370AA7}.Debug|Any CPU.Build.0 = Debug|Any CPU
		{0F5B7EFF-2749-4EC9-97AF-01BDB5370AA7}.Release|Any CPU.ActiveCfg = Release|Any CPU
		{0F5B7EFF-2749-4EC9-97AF-01BDB5370AA7}.Release|Any CPU.Build.0 = Release|Any CPU
	EndGlobalSection
	GlobalSection(SolutionProperties) = preSolution
		HideSolutionNode = FALSE
	EndGlobalSection
	GlobalSection(ExtensibilityGlobals) = postSolution
		SolutionGuid = {BE6E32D5-7828-41DF-A14F-D7F10D14F2DE}
	EndGlobalSection
EndGlobal
